{
  "name": "rdegges-www",
  "version": "1.0.0",
  "lockfileVersion": 1,
  "requires": true,
  "dependencies": {
    "bootstrap": {
      "version": "4.0.0",
      "resolved": "https://registry.npmjs.org/bootstrap/-/bootstrap-4.0.0.tgz",
      "integrity": "sha512-gulJE5dGFo6Q61V/whS6VM4WIyrlydXfCgkE+Gxe5hjrJ8rXLLZlALq7zq2RPhOc45PSwQpJkrTnc2KgD6cvmA=="
    },
    "bootswatch": {
      "version": "4.6.0",
      "resolved": "https://registry.npmjs.org/bootswatch/-/bootswatch-4.6.0.tgz",
      "integrity": "sha512-Yr6YqFBC8jwTzoJoLViYlvO97IhPWGqZEm+6FXHfD/G6gbUok6sZkdXxdh4Zb6iCGEwr9p7zGCn38yKQD/bh2Q=="
    },
    "jquery": {
      "version": "1.9.1",
      "resolved": "https://registry.npmjs.org/jquery/-/jquery-1.9.1.tgz",
      "integrity": "sha1-5M1INfqu+63lNYV2E8D8P/KtrzQ="
    },
    "popper.js": {
      "version": "1.12.9",
      "resolved": "https://registry.npmjs.org/popper.js/-/popper.js-1.12.9.tgz",
      "integrity": "sha1-DfvC3/lsRRuzMu3Pz6r1ZtMx1bM="
    }
  }
}
